<Solution>
  <Project Path="ULinkGame.Client.Tests/ULinkGame.Client.Tests.csproj" />
  <Project Path="ULinkGame.Cluster.Tests/ULinkGame.Cluster.Tests.csproj" />
  <Project Path="ULinkGame.Cluster.Sql.Tests/ULinkGame.Cluster.Sql.Tests.csproj" />
  <Project Path="ULinkGame.Cluster.ULinkRPC.Tests/ULinkGame.Cluster.ULinkRPC.Tests.csproj" />
  <Project Path="ULinkGame.Server.Tests/ULinkGame.Server.Tests.csproj" />
  <Project Path="ULinkGame.Server.Hotfix.Tests/ULinkGame.Server.Hotfix.Tests.csproj" />
  <Project Path="ULinkGame.Server.Hotfix.Generators.Tests/ULinkGame.Server.Hotfix.Generators.Tests.csproj" />
  <Project Path="ULinkGame.Tool.Tests/ULinkGame.Tool.Tests.csproj" />
</Solution>
